# This file is autogenerated, do not edit; changes may be undone by the next 'dep ensure'.


[[projects]]
  branch = "master"
  digest = "1:8368165a1d56fb9c296eb90ed90c51cc0ce563d73c911d3a4c7cb2faa5fc544e"
  name = "github.com/orcaman/concurrent-map"
  packages = ["."]
  pruneopts = "UT"
  revision = "2693aad1ed7517c2bb5b3a42cb8fde88b941d89d"

[[projects]]
  branch = "v27"
  digest = "1:6af8f24e29863581ecaa0900389a20c5b7cd13506fb83c317494a4f92253d6d5"
  name = "gopkg.in/libgit2/git2go.v27"
  packages = ["."]
  pruneopts = "UT"
  revision = "ecaeb7a21d479b7966311760a2e8bd734f8f0eef"

[[projects]]
  digest = "1:4d2e5a73dc1500038e504a8d78b986630e3626dc027bc030ba5c75da257cdb96"
  name = "gopkg.in/yaml.v2"
  packages = ["."]
  pruneopts = "UT"
  revision = "51d6538a90f86fe93ac480b35f37b2be17fef232"
  version = "v2.2.2"

[solve-meta]
  analyzer-name = "dep"
  analyzer-version = 1
  input-imports = [
    "github.com/orcaman/concurrent-map",
    "gopkg.in/libgit2/git2go.v27",
    "gopkg.in/yaml.v2",
  ]
  solver-name = "gps-cdcl"
  solver-version = 1
